
Microsoft Visual Studio Solution File, Format Version 12.00
# Visual Studio Version 16
VisualStudioVersion = 16.0.31911.196
MinimumVisualStudioVersion = 10.0.40219.1
Project("{FAE04EC0-301F-11D3-BF4B-00C04F79EFBC}") = "TicketSystem", "TicketSystem\TicketSystem.csproj", "{9304795A-8B48-4BF0-A96F-A5D6A7911CCA}"
EndProject
Global
	GlobalSection(SolutionConfigurationPlatforms) = preSolution
		Debug|Any CPU = Debug|Any CPU
		Release|Any CPU = Release|Any CPU
	EndGlobalSection
	GlobalSection(ProjectConfigurationPlatforms) = postSolution
		{9304795A-8B48-4BF0-A96F-A5D6A7911CCA}.Debug|Any CPU.ActiveCfg = Debug|Any CPU
		{9304795A-8B48-4BF0-A96F-A5D6A7911CCA}.Debug|Any CPU.Build.0 = Debug|Any CPU
		{9304795A-8B48-4BF0-A96F-A5D6A7911CCA}.Release|Any CPU.ActiveCfg = Release|Any CPU
		{9304795A-8B48-4BF0-A96F-A5D6A7911CCA}.Release|Any CPU.Build.0 = Release|Any CPU
	EndGlobalSection
	GlobalSection(SolutionProperties) = preSolution
		HideSolutionNode = FALSE
	EndGlobalSection
	GlobalSection(ExtensibilityGlobals) = postSolution
		SolutionGuid = {19D78946-BE62-4D5C-9960-65CB30A76615}
	EndGlobalSection
EndGlobal
